
Microsoft Visual Studio Solution File, Format Version 12.00
# Visual Studio Version 16
VisualStudioVersion = 16.0.29306.81
MinimumVisualStudioVersion = 10.0.40219.1
Project("{FAE04EC0-301F-11D3-BF4B-00C04F79EFBC}") = "wpf1", "wpf1\wpf1.csproj", "{2DF8F80B-BC78-4D84-B9E6-6C92ED55EAF0}"
EndProject
Global
	GlobalSection(SolutionConfigurationPlatforms) = preSolution
		Debug|Any CPU = Debug|Any CPU
		Release|Any CPU = Release|Any CPU
	EndGlobalSection
	GlobalSection(ProjectConfigurationPlatforms) = postSolution
		{2DF8F80B-BC78-4D84-B9E6-6C92ED55EAF0}.Debug|Any CPU.ActiveCfg = Debug|Any CPU
		{2DF8F80B-BC78-4D84-B9E6-6C92ED55EAF0}.Debug|Any CPU.Build.0 = Debug|Any CPU
		{2DF8F80B-BC78-4D84-B9E6-6C92ED55EAF0}.Release|Any CPU.ActiveCfg = Release|Any CPU
		{2DF8F80B-BC78-4D84-B9E6-6C92ED55EAF0}.Release|Any CPU.Build.0 = Release|Any CPU
	EndGlobalSection
	GlobalSection(SolutionProperties) = preSolution
		HideSolutionNode = FALSE
	EndGlobalSection
	GlobalSection(ExtensibilityGlobals) = postSolution
		SolutionGuid = {3BA2C0E5-CBC7-446E-B8FB-0486EAC81803}
	EndGlobalSection
EndGlobal
